
Microsoft Visual Studio Solution File, Format Version 12.00
# Visual Studio Version 17
VisualStudioVersion = 17.3.32901.215
MinimumVisualStudioVersion = 10.0.40219.1
Project("{9A19103F-16F7-4668-BE54-9A1E7A4F7556}") = "TestProject1", "TestProject1.csproj", "{BABAA4F5-7C7E-4DF9-B8C2-5F0255F5F919}"
EndProject
Global
	GlobalSection(SolutionConfigurationPlatforms) = preSolution
		Debug|Any CPU = Debug|Any CPU
		Release|Any CPU = Release|Any CPU
	EndGlobalSection
	GlobalSection(ProjectConfigurationPlatforms) = postSolution
		{BABAA4F5-7C7E-4DF9-B8C2-5F0255F5F919}.Debug|Any CPU.ActiveCfg = Debug|Any CPU
		{BABAA4F5-7C7E-4DF9-B8C2-5F0255F5F919}.Debug|Any CPU.Build.0 = Debug|Any CPU
		{BABAA4F5-7C7E-4DF9-B8C2-5F0255F5F919}.Release|Any CPU.ActiveCfg = Release|Any CPU
		{BABAA4F5-7C7E-4DF9-B8C2-5F0255F5F919}.Release|Any CPU.Build.0 = Release|Any CPU
	EndGlobalSection
	GlobalSection(SolutionProperties) = preSolution
		HideSolutionNode = FALSE
	EndGlobalSection
	GlobalSection(ExtensibilityGlobals) = postSolution
		SolutionGuid = {0132A105-E243-4C72-8283-D3AF1D9D1956}
	EndGlobalSection
EndGlobal
